// !$*UTF8*$!
{
	archiveVersion = 1;
	classes = {
	};
	objectVersion = 77;
	objects = {

/* Begin PBXBuildFile section */
		5F439074FBF844C6A9E90307 /* Spryte.icon in Resources */ = {isa = PBXBuildFile; fileRef = 413787CFC86842208C1B2F8B /* Spryte.icon */; };
		FC604D6BB542494E868F2D46 /* Manager-03-No-Gradient-Inverted.icon in Resources */ = {isa = PBXBuildFile; fileRef = 6A9235AF73754A8E9C124E7A /* Manager-03-No-Gradient-Inverted.icon */; };
		696A9BD243424F00826A1E61 /* Manager-03-No-Gradient-Default.icon in Resources */ = {isa = PBXBuildFile; fileRef = F330F5F62181411BA4CD1A52 /* Manager-03-No-Gradient-Default.icon */; };
		DBB67A7B40274739B030CB72 /* Manager-02-Soft-Gradient-Inverted.icon in Resources */ = {isa = PBXBuildFile; fileRef = C7E94E986C8041A4934EEC12 /* Manager-02-Soft-Gradient-Inverted.icon */; };
		C09408C37FB240E9B5A83050 /* Manager-02-Soft-Gradient-Default.icon in Resources */ = {isa = PBXBuildFile; fileRef = 2D0D748D96C14ADD8BB59BFA /* Manager-02-Soft-Gradient-Default.icon */; };
		D84768A33164469182F9ED47 /* Manager-01-Default-Gradient-Inverted.icon in Resources */ = {isa = PBXBuildFile; fileRef = F37C184EAD5B4ADF8ADC392B /* Manager-01-Default-Gradient-Inverted.icon */; };
		BCE742C4D9AB4DFCB19D7686 /* Manager-01-Default-Gradient-Default.icon in Resources */ = {isa = PBXBuildFile; fileRef = 11485DF133E84FE08BF59127 /* Manager-01-Default-Gradient-Default.icon */; };
		9C30C69A9FC2401985520017 /* DoorDash-Consumer-App.icon in Resources */ = {isa = PBXBuildFile; fileRef = 2D7223F52EEF4E7C9BCB211B /* DoorDash-Consumer-App.icon */; };
		0CF760AC450A4A4F992E7575 /* Dasher.icon in Resources */ = {isa = PBXBuildFile; fileRef = 0EA467C8479E4BD2AC1C505C /* Dasher.icon */; };
		D938A74826C34E66B6DBCA83 /* Dasher-03-No-Gradient-Inverted.icon in Resources */ = {isa = PBXBuildFile; fileRef = C54C9F0E97B84F2EA46FC1D2 /* Dasher-03-No-Gradient-Inverted.icon */; };
		410491B461414F2394EDDDBB /* Dasher-03-No-Gradient-Default.icon in Resources */ = {isa = PBXBuildFile; fileRef = 397F9871F85B455F811C511E /* Dasher-03-No-Gradient-Default.icon */; };
		2A5B6C67E54C43B8A2510D9A /* Dasher-02-Soft-Gradient-Inverted.icon in Resources */ = {isa = PBXBuildFile; fileRef = 27CAC4C7FC554EB09213E2BD /* Dasher-02-Soft-Gradient-Inverted.icon */; };
		C851AE0180424195A0D5B0FF /* Dasher-02-Soft-Gradient-Default.icon in Resources */ = {isa = PBXBuildFile; fileRef = 0DA10F18098045B3B5A87460 /* Dasher-02-Soft-Gradient-Default.icon */; };
		4C056A22824044A1901806D9 /* Dasher-01-Default-Gradient-Inverted.icon in Resources */ = {isa = PBXBuildFile; fileRef = CFA80CEF75DA4DA1AFCA91B5 /* Dasher-01-Default-Gradient-Inverted.icon */; };
		6B438245788F4D21803108DD /* Dasher-01-Default-Gradient-Default.icon in Resources */ = {isa = PBXBuildFile; fileRef = 6866A03597F34BFDAFF07E76 /* Dasher-01-Default-Gradient-Default.icon */; };
		C2212BE683044CBAB8FBDF3C /* Consumer-03-No-Gradient.icon in Resources */ = {isa = PBXBuildFile; fileRef = 2D02753B34334508BA1E21B7 /* Consumer-03-No-Gradient.icon */; };
		75B8244328C04A989A2DD794 /* Consumer-02-Soft-Gradient.icon in Resources */ = {isa = PBXBuildFile; fileRef = F722552B98124110B6DFE30A /* Consumer-02-Soft-Gradient.icon */; };
		7A309442695B47BD94FDBE53 /* Consumer-01-Default-Gradient.icon in Resources */ = {isa = PBXBuildFile; fileRef = 658C5FFFE4E347E8BA53A408 /* Consumer-01-Default-Gradient.icon */; };
		5216534C2EEF428100542631 /* Default.icon in Resources */ = {isa = PBXBuildFile; fileRef = 5216534B2EEF428100542631 /* Default.icon */; };
/* End PBXBuildFile section */

/* Begin PBXFileReference section */
		413787CFC86842208C1B2F8B /* Spryte.icon */ = {isa = PBXFileReference; lastKnownFileType = folder.iconcomposer.icon; path = "Spryte.icon"; sourceTree = "<group>"; };
		6A9235AF73754A8E9C124E7A /* Manager-03-No-Gradient-Inverted.icon */ = {isa = PBXFileReference; lastKnownFileType = folder.iconcomposer.icon; path = "Manager-03-No-Gradient-Inverted.icon"; sourceTree = "<group>"; };
		F330F5F62181411BA4CD1A52 /* Manager-03-No-Gradient-Default.icon */ = {isa = PBXFileReference; lastKnownFileType = folder.iconcomposer.icon; path = "Manager-03-No-Gradient-Default.icon"; sourceTree = "<group>"; };
		C7E94E986C8041A4934EEC12 /* Manager-02-Soft-Gradient-Inverted.icon */ = {isa = PBXFileReference; lastKnownFileType = folder.iconcomposer.icon; path = "Manager-02-Soft-Gradient-Inverted.icon"; sourceTree = "<group>"; };
		2D0D748D96C14ADD8BB59BFA /* Manager-02-Soft-Gradient-Default.icon */ = {isa = PBXFileReference; lastKnownFileType = folder.iconcomposer.icon; path = "Manager-02-Soft-Gradient-Default.icon"; sourceTree = "<group>"; };
		F37C184EAD5B4ADF8ADC392B /* Manager-01-Default-Gradient-Inverted.icon */ = {isa = PBXFileReference; lastKnownFileType = folder.iconcomposer.icon; path = "Manager-01-Default-Gradient-Inverted.icon"; sourceTree = "<group>"; };
		11485DF133E84FE08BF59127 /* Manager-01-Default-Gradient-Default.icon */ = {isa = PBXFileReference; lastKnownFileType = folder.iconcomposer.icon; path = "Manager-01-Default-Gradient-Default.icon"; sourceTree = "<group>"; };
		2D7223F52EEF4E7C9BCB211B /* DoorDash-Consumer-App.icon */ = {isa = PBXFileReference; lastKnownFileType = folder.iconcomposer.icon; path = "DoorDash-Consumer-App.icon"; sourceTree = "<group>"; };
		0EA467C8479E4BD2AC1C505C /* Dasher.icon */ = {isa = PBXFileReference; lastKnownFileType = folder.iconcomposer.icon; path = "Dasher.icon"; sourceTree = "<group>"; };
		C54C9F0E97B84F2EA46FC1D2 /* Dasher-03-No-Gradient-Inverted.icon */ = {isa = PBXFileReference; lastKnownFileType = folder.iconcomposer.icon; path = "Dasher-03-No-Gradient-Inverted.icon"; sourceTree = "<group>"; };
		397F9871F85B455F811C511E /* Dasher-03-No-Gradient-Default.icon */ = {isa = PBXFileReference; lastKnownFileType = folder.iconcomposer.icon; path = "Dasher-03-No-Gradient-Default.icon"; sourceTree = "<group>"; };
		27CAC4C7FC554EB09213E2BD /* Dasher-02-Soft-Gradient-Inverted.icon */ = {isa = PBXFileReference; lastKnownFileType = folder.iconcomposer.icon; path = "Dasher-02-Soft-Gradient-Inverted.icon"; sourceTree = "<group>"; };
		0DA10F18098045B3B5A87460 /* Dasher-02-Soft-Gradient-Default.icon */ = {isa = PBXFileReference; lastKnownFileType = folder.iconcomposer.icon; path = "Dasher-02-Soft-Gradient-Default.icon"; sourceTree = "<group>"; };
		CFA80CEF75DA4DA1AFCA91B5 /* Dasher-01-Default-Gradient-Inverted.icon */ = {isa = PBXFileReference; lastKnownFileType = folder.iconcomposer.icon; path = "Dasher-01-Default-Gradient-Inverted.icon"; sourceTree = "<group>"; };
		6866A03597F34BFDAFF07E76 /* Dasher-01-Default-Gradient-Default.icon */ = {isa = PBXFileReference; lastKnownFileType = folder.iconcomposer.icon; path = "Dasher-01-Default-Gradient-Default.icon"; sourceTree = "<group>"; };
		2D02753B34334508BA1E21B7 /* Consumer-03-No-Gradient.icon */ = {isa = PBXFileReference; lastKnownFileType = folder.iconcomposer.icon; path = "Consumer-03-No-Gradient.icon"; sourceTree = "<group>"; };
		F722552B98124110B6DFE30A /* Consumer-02-Soft-Gradient.icon */ = {isa = PBXFileReference; lastKnownFileType = folder.iconcomposer.icon; path = "Consumer-02-Soft-Gradient.icon"; sourceTree = "<group>"; };
		658C5FFFE4E347E8BA53A408 /* Consumer-01-Default-Gradient.icon */ = {isa = PBXFileReference; lastKnownFileType = folder.iconcomposer.icon; path = "Consumer-01-Default-Gradient.icon"; sourceTree = "<group>"; };
		5216534B2EEF428100542631 /* Default.icon */ = {isa = PBXFileReference; lastKnownFileType = folder.iconcomposer.icon; path = Default.icon; sourceTree = "<group>"; };
		52D2EF5C2EEDC1D5003D4E85 /* Spryte.app */ = {isa = PBXFileReference; explicitFileType = wrapper.application; includeInIndex = 0; path = Spryte.app; sourceTree = BUILT_PRODUCTS_DIR; };
		52D2EFE12EEDE000003D4E85 /* Instructions.md */ = {isa = PBXFileReference; lastKnownFileType = net.daringfireball.markdown; path = Instructions.md; sourceTree = "<group>"; };
/* End PBXFileReference section */

/* Begin PBXFileSystemSynchronizedRootGroup section */
		52D2EF5E2EEDC1D5003D4E85 /* Spryte */ = {
			isa = PBXFileSystemSynchronizedRootGroup;
			path = Spryte;
			sourceTree = "<group>";
		};
/* End PBXFileSystemSynchronizedRootGroup section */

/* Begin PBXFrameworksBuildPhase section */
		52D2EF592EEDC1D5003D4E85 /* Frameworks */ = {
			isa = PBXFrameworksBuildPhase;
			buildActionMask = 2147483647;
			files = (
			);
			runOnlyForDeploymentPostprocessing = 0;
		};
/* End PBXFrameworksBuildPhase section */

/* Begin PBXGroup section */
		52D2EF532EEDC1D5003D4E85 = {
			isa = PBXGroup;
			children = (
				413787CFC86842208C1B2F8B /* Spryte.icon */,
				6A9235AF73754A8E9C124E7A /* Manager-03-No-Gradient-Inverted.icon */,
				F330F5F62181411BA4CD1A52 /* Manager-03-No-Gradient-Default.icon */,
				C7E94E986C8041A4934EEC12 /* Manager-02-Soft-Gradient-Inverted.icon */,
				2D0D748D96C14ADD8BB59BFA /* Manager-02-Soft-Gradient-Default.icon */,
				F37C184EAD5B4ADF8ADC392B /* Manager-01-Default-Gradient-Inverted.icon */,
				11485DF133E84FE08BF59127 /* Manager-01-Default-Gradient-Default.icon */,
				2D7223F52EEF4E7C9BCB211B /* DoorDash-Consumer-App.icon */,
				0EA467C8479E4BD2AC1C505C /* Dasher.icon */,
				C54C9F0E97B84F2EA46FC1D2 /* Dasher-03-No-Gradient-Inverted.icon */,
				397F9871F85B455F811C511E /* Dasher-03-No-Gradient-Default.icon */,
				27CAC4C7FC554EB09213E2BD /* Dasher-02-Soft-Gradient-Inverted.icon */,
				0DA10F18098045B3B5A87460 /* Dasher-02-Soft-Gradient-Default.icon */,
				CFA80CEF75DA4DA1AFCA91B5 /* Dasher-01-Default-Gradient-Inverted.icon */,
				6866A03597F34BFDAFF07E76 /* Dasher-01-Default-Gradient-Default.icon */,
				2D02753B34334508BA1E21B7 /* Consumer-03-No-Gradient.icon */,
				F722552B98124110B6DFE30A /* Consumer-02-Soft-Gradient.icon */,
				658C5FFFE4E347E8BA53A408 /* Consumer-01-Default-Gradient.icon */,
				5216534B2EEF428100542631 /* Default.icon */,
				52D2EFE12EEDE000003D4E85 /* Instructions.md */,
				52D2EF5E2EEDC1D5003D4E85 /* Spryte */,
				52D2EF5D2EEDC1D5003D4E85 /* Products */,
			);
			sourceTree = "<group>";
		};
		52D2EF5D2EEDC1D5003D4E85 /* Products */ = {
			isa = PBXGroup;
			children = (
				52D2EF5C2EEDC1D5003D4E85 /* Spryte.app */,
			);
			name = Products;
			sourceTree = "<group>";
		};
/* End PBXGroup section */

/* Begin PBXNativeTarget section */
		52D2EF5B2EEDC1D5003D4E85 /* Spryte */ = {
			isa = PBXNativeTarget;
			buildConfigurationList = 52D2EF672EEDC1D8003D4E85 /* Build configuration list for PBXNativeTarget "Spryte" */;
			buildPhases = (
				52D2F2802EEE0000003D4E85 /* Import Icons */,
				52D2EF582EEDC1D5003D4E85 /* Sources */,
				52D2EF592EEDC1D5003D4E85 /* Frameworks */,
				52D2EF5A2EEDC1D5003D4E85 /* Resources */,
			);
			buildRules = (
			);
			dependencies = (
			);
			fileSystemSynchronizedGroups = (
				52D2EF5E2EEDC1D5003D4E85 /* Spryte */,
			);
			name = Spryte;
			packageProductDependencies = (
			);
			productName = Spryte;
			productReference = 52D2EF5C2EEDC1D5003D4E85 /* Spryte.app */;
			productType = "com.apple.product-type.application";
		};
/* End PBXNativeTarget section */

/* Begin PBXProject section */
		52D2EF542EEDC1D5003D4E85 /* Project object */ = {
			isa = PBXProject;
			attributes = {
				BuildIndependentTargetsInParallel = 1;
				LastSwiftUpdateCheck = 2620;
				LastUpgradeCheck = 2620;
				TargetAttributes = {
					52D2EF5B2EEDC1D5003D4E85 = {
						CreatedOnToolsVersion = 26.2;
					};
				};
			};
			buildConfigurationList = 52D2EF572EEDC1D5003D4E85 /* Build configuration list for PBXProject "Spryte" */;
			developmentRegion = en;
			hasScannedForEncodings = 0;
			knownRegions = (
				en,
				Base,
			);
			mainGroup = 52D2EF532EEDC1D5003D4E85;
			minimizedProjectReferenceProxies = 1;
			preferredProjectObjectVersion = 77;
			productRefGroup = 52D2EF5D2EEDC1D5003D4E85 /* Products */;
			projectDirPath = "";
			projectRoot = "";
			targets = (
				52D2EF5B2EEDC1D5003D4E85 /* Spryte */,
			);
		};
/* End PBXProject section */

/* Begin PBXResourcesBuildPhase section */
		52D2EF5A2EEDC1D5003D4E85 /* Resources */ = {
			isa = PBXResourcesBuildPhase;
			buildActionMask = 2147483647;
			files = (
				5F439074FBF844C6A9E90307 /* Spryte.icon in Resources */,
				FC604D6BB542494E868F2D46 /* Manager-03-No-Gradient-Inverted.icon in Resources */,
				696A9BD243424F00826A1E61 /* Manager-03-No-Gradient-Default.icon in Resources */,
				DBB67A7B40274739B030CB72 /* Manager-02-Soft-Gradient-Inverted.icon in Resources */,
				C09408C37FB240E9B5A83050 /* Manager-02-Soft-Gradient-Default.icon in Resources */,
				D84768A33164469182F9ED47 /* Manager-01-Default-Gradient-Inverted.icon in Resources */,
				BCE742C4D9AB4DFCB19D7686 /* Manager-01-Default-Gradient-Default.icon in Resources */,
				9C30C69A9FC2401985520017 /* DoorDash-Consumer-App.icon in Resources */,
				0CF760AC450A4A4F992E7575 /* Dasher.icon in Resources */,
				D938A74826C34E66B6DBCA83 /* Dasher-03-No-Gradient-Inverted.icon in Resources */,
				410491B461414F2394EDDDBB /* Dasher-03-No-Gradient-Default.icon in Resources */,
				2A5B6C67E54C43B8A2510D9A /* Dasher-02-Soft-Gradient-Inverted.icon in Resources */,
				C851AE0180424195A0D5B0FF /* Dasher-02-Soft-Gradient-Default.icon in Resources */,
				4C056A22824044A1901806D9 /* Dasher-01-Default-Gradient-Inverted.icon in Resources */,
				6B438245788F4D21803108DD /* Dasher-01-Default-Gradient-Default.icon in Resources */,
				C2212BE683044CBAB8FBDF3C /* Consumer-03-No-Gradient.icon in Resources */,
				75B8244328C04A989A2DD794 /* Consumer-02-Soft-Gradient.icon in Resources */,
				7A309442695B47BD94FDBE53 /* Consumer-01-Default-Gradient.icon in Resources */,
				5216534C2EEF428100542631 /* Default.icon in Resources */,
			);
			runOnlyForDeploymentPostprocessing = 0;
		};
/* End PBXResourcesBuildPhase section */

/* Begin PBXShellScriptBuildPhase section */
		52D2F2802EEE0000003D4E85 /* Import Icons */ = {
			isa = PBXShellScriptBuildPhase;
			buildActionMask = 2147483647;
			files = (
			);
			inputFileListPaths = (
			);
			inputPaths = (
				"$(SRCROOT)/Icons to Import",
			);
			name = "Import Icons";
			outputFileListPaths = (
			);
			outputPaths = (
				"$(SRCROOT)/Spryte/Icon Source",
			);
			runOnlyForDeploymentPostprocessing = 0;
			shellPath = /bin/zsh;
			shellScript = "\"${SRCROOT}/Scripts/import_icons.sh\"\n";
		};
/* End PBXShellScriptBuildPhase section */

/* Begin PBXSourcesBuildPhase section */
		52D2EF582EEDC1D5003D4E85 /* Sources */ = {
			isa = PBXSourcesBuildPhase;
			buildActionMask = 2147483647;
			files = (
			);
			runOnlyForDeploymentPostprocessing = 0;
		};
/* End PBXSourcesBuildPhase section */

/* Begin XCBuildConfiguration section */
		52D2EF652EEDC1D8003D4E85 /* Debug */ = {
			isa = XCBuildConfiguration;
			buildSettings = {
				ALWAYS_SEARCH_USER_PATHS = NO;
				ASSETCATALOG_COMPILER_GENERATE_SWIFT_ASSET_SYMBOL_EXTENSIONS = YES;
				CLANG_ANALYZER_NONNULL = YES;
				CLANG_ANALYZER_NUMBER_OBJECT_CONVERSION = YES_AGGRESSIVE;
				CLANG_CXX_LANGUAGE_STANDARD = "gnu++20";
				CLANG_ENABLE_MODULES = YES;
				CLANG_ENABLE_OBJC_ARC = YES;
				CLANG_ENABLE_OBJC_WEAK = YES;
				CLANG_WARN_BLOCK_CAPTURE_AUTORELEASING = YES;
				CLANG_WARN_BOOL_CONVERSION = YES;
				CLANG_WARN_COMMA = YES;
				CLANG_WARN_CONSTANT_CONVERSION = YES;
				CLANG_WARN_DEPRECATED_OBJC_IMPLEMENTATIONS = YES;
				CLANG_WARN_DIRECT_OBJC_ISA_USAGE = YES_ERROR;
				CLANG_WARN_DOCUMENTATION_COMMENTS = YES;
				CLANG_WARN_EMPTY_BODY = YES;
				CLANG_WARN_ENUM_CONVERSION = YES;
				CLANG_WARN_INFINITE_RECURSION = YES;
				CLANG_WARN_INT_CONVERSION = YES;
				CLANG_WARN_NON_LITERAL_NULL_CONVERSION = YES;
				CLANG_WARN_OBJC_IMPLICIT_RETAIN_SELF = YES;
				CLANG_WARN_OBJC_LITERAL_CONVERSION = YES;
				CLANG_WARN_OBJC_ROOT_CLASS = YES_ERROR;
				CLANG_WARN_QUOTED_INCLUDE_IN_FRAMEWORK_HEADER = YES;
				CLANG_WARN_RANGE_LOOP_ANALYSIS = YES;
				CLANG_WARN_STRICT_PROTOTYPES = YES;
				CLANG_WARN_SUSPICIOUS_MOVE = YES;
				CLANG_WARN_UNGUARDED_AVAILABILITY = YES_AGGRESSIVE;
				CLANG_WARN_UNREACHABLE_CODE = YES;
				CLANG_WARN__DUPLICATE_METHOD_MATCH = YES;
				COPY_PHASE_STRIP = NO;
				DEBUG_INFORMATION_FORMAT = dwarf;
				DEVELOPMENT_TEAM = K2XB837E84;
				ENABLE_STRICT_OBJC_MSGSEND = YES;
				ENABLE_TESTABILITY = YES;
				ENABLE_USER_SCRIPT_SANDBOXING = NO;
				GCC_C_LANGUAGE_STANDARD = gnu17;
				GCC_DYNAMIC_NO_PIC = NO;
				GCC_NO_COMMON_BLOCKS = YES;
				GCC_OPTIMIZATION_LEVEL = 0;
				GCC_PREPROCESSOR_DEFINITIONS = (
					"DEBUG=1",
					"$(inherited)",
				);
				GCC_WARN_64_TO_32_BIT_CONVERSION = YES;
				GCC_WARN_ABOUT_RETURN_TYPE = YES_ERROR;
				GCC_WARN_UNDECLARED_SELECTOR = YES;
				GCC_WARN_UNINITIALIZED_AUTOS = YES_AGGRESSIVE;
				GCC_WARN_UNUSED_FUNCTION = YES;
				GCC_WARN_UNUSED_VARIABLE = YES;
				LOCALIZATION_PREFERS_STRING_CATALOGS = YES;
				MTL_ENABLE_DEBUG_INFO = INCLUDE_SOURCE;
				MTL_FAST_MATH = YES;
				ONLY_ACTIVE_ARCH = YES;
				SWIFT_ACTIVE_COMPILATION_CONDITIONS = "DEBUG $(inherited)";
				SWIFT_OPTIMIZATION_LEVEL = "-Onone";
			};
			name = Debug;
		};
		52D2EF662EEDC1D8003D4E85 /* Release */ = {
			isa = XCBuildConfiguration;
			buildSettings = {
				ALWAYS_SEARCH_USER_PATHS = NO;
				ASSETCATALOG_COMPILER_GENERATE_SWIFT_ASSET_SYMBOL_EXTENSIONS = YES;
				CLANG_ANALYZER_NONNULL = YES;
				CLANG_ANALYZER_NUMBER_OBJECT_CONVERSION = YES_AGGRESSIVE;
				CLANG_CXX_LANGUAGE_STANDARD = "gnu++20";
				CLANG_ENABLE_MODULES = YES;
				CLANG_ENABLE_OBJC_ARC = YES;
				CLANG_ENABLE_OBJC_WEAK = YES;
				CLANG_WARN_BLOCK_CAPTURE_AUTORELEASING = YES;
				CLANG_WARN_BOOL_CONVERSION = YES;
				CLANG_WARN_COMMA = YES;
				CLANG_WARN_CONSTANT_CONVERSION = YES;
				CLANG_WARN_DEPRECATED_OBJC_IMPLEMENTATIONS = YES;
				CLANG_WARN_DIRECT_OBJC_ISA_USAGE = YES_ERROR;
				CLANG_WARN_DOCUMENTATION_COMMENTS = YES;
				CLANG_WARN_EMPTY_BODY = YES;
				CLANG_WARN_ENUM_CONVERSION = YES;
				CLANG_WARN_INFINITE_RECURSION = YES;
				CLANG_WARN_INT_CONVERSION = YES;
				CLANG_WARN_NON_LITERAL_NULL_CONVERSION = YES;
				CLANG_WARN_OBJC_IMPLICIT_RETAIN_SELF = YES;
				CLANG_WARN_OBJC_LITERAL_CONVERSION = YES;
				CLANG_WARN_OBJC_ROOT_CLASS = YES_ERROR;
				CLANG_WARN_QUOTED_INCLUDE_IN_FRAMEWORK_HEADER = YES;
				CLANG_WARN_RANGE_LOOP_ANALYSIS = YES;
				CLANG_WARN_STRICT_PROTOTYPES = YES;
				CLANG_WARN_SUSPICIOUS_MOVE = YES;
				CLANG_WARN_UNGUARDED_AVAILABILITY = YES_AGGRESSIVE;
				CLANG_WARN_UNREACHABLE_CODE = YES;
				CLANG_WARN__DUPLICATE_METHOD_MATCH = YES;
				COPY_PHASE_STRIP = NO;
				DEBUG_INFORMATION_FORMAT = "dwarf-with-dsym";
				DEVELOPMENT_TEAM = K2XB837E84;
				ENABLE_NS_ASSERTIONS = NO;
				ENABLE_STRICT_OBJC_MSGSEND = YES;
				ENABLE_USER_SCRIPT_SANDBOXING = NO;
				GCC_C_LANGUAGE_STANDARD = gnu17;
				GCC_NO_COMMON_BLOCKS = YES;
				GCC_WARN_64_TO_32_BIT_CONVERSION = YES;
				GCC_WARN_ABOUT_RETURN_TYPE = YES_ERROR;
				GCC_WARN_UNDECLARED_SELECTOR = YES;
				GCC_WARN_UNINITIALIZED_AUTOS = YES_AGGRESSIVE;
				GCC_WARN_UNUSED_FUNCTION = YES;
				GCC_WARN_UNUSED_VARIABLE = YES;
				LOCALIZATION_PREFERS_STRING_CATALOGS = YES;
				MTL_ENABLE_DEBUG_INFO = NO;
				MTL_FAST_MATH = YES;
				SWIFT_COMPILATION_MODE = wholemodule;
			};
			name = Release;
		};
		52D2EF682EEDC1D8003D4E85 /* Debug */ = {
			isa = XCBuildConfiguration;
			buildSettings = {
				ASSETCATALOG_COMPILER_ALTERNATE_APPICON_NAMES = DoorDashConsumerApp;
				ASSETCATALOG_COMPILER_APPICON_NAME = Default;
				ASSETCATALOG_COMPILER_GLOBAL_ACCENT_COLOR_NAME = AccentColor;
				ASSETCATALOG_COMPILER_INCLUDE_ALL_APPICON_ASSETS = YES;
				CODE_SIGN_STYLE = Automatic;
				CURRENT_PROJECT_VERSION = 1;
				DEVELOPMENT_TEAM = K2XB837E84;
				ENABLE_APP_SANDBOX = YES;
				ENABLE_HARDENED_RUNTIME = YES;
				ENABLE_PREVIEWS = YES;
				ENABLE_USER_SELECTED_FILES = readonly;
				GENERATE_INFOPLIST_FILE = YES;
				INFOPLIST_KEY_CFBundleDisplayName = Spryte;
				INFOPLIST_KEY_LSApplicationCategoryType = "public.app-category.utilities";
				"INFOPLIST_KEY_UIApplicationSceneManifest_Generation[sdk=iphoneos*]" = YES;
				"INFOPLIST_KEY_UIApplicationSceneManifest_Generation[sdk=iphonesimulator*]" = YES;
				"INFOPLIST_KEY_UIApplicationSupportsIndirectInputEvents[sdk=iphoneos*]" = YES;
				"INFOPLIST_KEY_UIApplicationSupportsIndirectInputEvents[sdk=iphonesimulator*]" = YES;
				"INFOPLIST_KEY_UILaunchScreen_Generation[sdk=iphoneos*]" = YES;
				"INFOPLIST_KEY_UILaunchScreen_Generation[sdk=iphonesimulator*]" = YES;
				"INFOPLIST_KEY_UIStatusBarStyle[sdk=iphoneos*]" = UIStatusBarStyleDefault;
				"INFOPLIST_KEY_UIStatusBarStyle[sdk=iphonesimulator*]" = UIStatusBarStyleDefault;
				INFOPLIST_KEY_UISupportedInterfaceOrientations = UIInterfaceOrientationPortrait;
				INFOPLIST_KEY_UISupportedInterfaceOrientations_iPad = "UIInterfaceOrientationLandscapeLeft UIInterfaceOrientationLandscapeRight UIInterfaceOrientationPortrait UIInterfaceOrientationPortraitUpsideDown";
				IPHONEOS_DEPLOYMENT_TARGET = 26.2;
				LD_RUNPATH_SEARCH_PATHS = "@executable_path/Frameworks";
				"LD_RUNPATH_SEARCH_PATHS[sdk=macosx*]" = "@executable_path/../Frameworks";
				MACOSX_DEPLOYMENT_TARGET = 26.1;
				MARKETING_VERSION = 1.0;
				PRODUCT_BUNDLE_IDENTIFIER = doordash.Spryte;
				PRODUCT_NAME = "$(TARGET_NAME)";
				REGISTER_APP_GROUPS = YES;
				SDKROOT = auto;
				STRING_CATALOG_GENERATE_SYMBOLS = YES;
				SUPPORTED_PLATFORMS = "iphoneos iphonesimulator macosx xros xrsimulator";
				SWIFT_APPROACHABLE_CONCURRENCY = YES;
				SWIFT_DEFAULT_ACTOR_ISOLATION = MainActor;
				SWIFT_EMIT_LOC_STRINGS = YES;
				SWIFT_UPCOMING_FEATURE_MEMBER_IMPORT_VISIBILITY = YES;
				SWIFT_VERSION = 5.0;
				TARGETED_DEVICE_FAMILY = "1,2,7";
				XROS_DEPLOYMENT_TARGET = 26.2;
			};
			name = Debug;
		};
		52D2EF692EEDC1D8003D4E85 /* Release */ = {
			isa = XCBuildConfiguration;
			buildSettings = {
				ASSETCATALOG_COMPILER_ALTERNATE_APPICON_NAMES = DoorDashConsumerApp;
				ASSETCATALOG_COMPILER_APPICON_NAME = Default;
				ASSETCATALOG_COMPILER_GLOBAL_ACCENT_COLOR_NAME = AccentColor;
				ASSETCATALOG_COMPILER_INCLUDE_ALL_APPICON_ASSETS = YES;
				CODE_SIGN_STYLE = Automatic;
				CURRENT_PROJECT_VERSION = 1;
				DEVELOPMENT_TEAM = K2XB837E84;
				ENABLE_APP_SANDBOX = YES;
				ENABLE_HARDENED_RUNTIME = YES;
				ENABLE_PREVIEWS = YES;
				ENABLE_USER_SELECTED_FILES = readonly;
				GENERATE_INFOPLIST_FILE = YES;
				INFOPLIST_KEY_CFBundleDisplayName = Spryte;
				INFOPLIST_KEY_LSApplicationCategoryType = "public.app-category.utilities";
				"INFOPLIST_KEY_UIApplicationSceneManifest_Generation[sdk=iphoneos*]" = YES;
				"INFOPLIST_KEY_UIApplicationSceneManifest_Generation[sdk=iphonesimulator*]" = YES;
				"INFOPLIST_KEY_UIApplicationSupportsIndirectInputEvents[sdk=iphoneos*]" = YES;
				"INFOPLIST_KEY_UIApplicationSupportsIndirectInputEvents[sdk=iphonesimulator*]" = YES;
				"INFOPLIST_KEY_UILaunchScreen_Generation[sdk=iphoneos*]" = YES;
				"INFOPLIST_KEY_UILaunchScreen_Generation[sdk=iphonesimulator*]" = YES;
				"INFOPLIST_KEY_UIStatusBarStyle[sdk=iphoneos*]" = UIStatusBarStyleDefault;
				"INFOPLIST_KEY_UIStatusBarStyle[sdk=iphonesimulator*]" = UIStatusBarStyleDefault;
				INFOPLIST_KEY_UISupportedInterfaceOrientations = UIInterfaceOrientationPortrait;
				INFOPLIST_KEY_UISupportedInterfaceOrientations_iPad = "UIInterfaceOrientationLandscapeLeft UIInterfaceOrientationLandscapeRight UIInterfaceOrientationPortrait UIInterfaceOrientationPortraitUpsideDown";
				IPHONEOS_DEPLOYMENT_TARGET = 26.2;
				LD_RUNPATH_SEARCH_PATHS = "@executable_path/Frameworks";
				"LD_RUNPATH_SEARCH_PATHS[sdk=macosx*]" = "@executable_path/../Frameworks";
				MACOSX_DEPLOYMENT_TARGET = 26.1;
				MARKETING_VERSION = 1.0;
				PRODUCT_BUNDLE_IDENTIFIER = doordash.Spryte;
				PRODUCT_NAME = "$(TARGET_NAME)";
				REGISTER_APP_GROUPS = YES;
				SDKROOT = auto;
				STRING_CATALOG_GENERATE_SYMBOLS = YES;
				SUPPORTED_PLATFORMS = "iphoneos iphonesimulator macosx xros xrsimulator";
				SWIFT_APPROACHABLE_CONCURRENCY = YES;
				SWIFT_DEFAULT_ACTOR_ISOLATION = MainActor;
				SWIFT_EMIT_LOC_STRINGS = YES;
				SWIFT_UPCOMING_FEATURE_MEMBER_IMPORT_VISIBILITY = YES;
				SWIFT_VERSION = 5.0;
				TARGETED_DEVICE_FAMILY = "1,2,7";
				XROS_DEPLOYMENT_TARGET = 26.2;
			};
			name = Release;
		};
/* End XCBuildConfiguration section */

/* Begin XCConfigurationList section */
		52D2EF572EEDC1D5003D4E85 /* Build configuration list for PBXProject "Spryte" */ = {
			isa = XCConfigurationList;
			buildConfigurations = (
				52D2EF652EEDC1D8003D4E85 /* Debug */,
				52D2EF662EEDC1D8003D4E85 /* Release */,
			);
			defaultConfigurationIsVisible = 0;
			defaultConfigurationName = Release;
		};
		52D2EF672EEDC1D8003D4E85 /* Build configuration list for PBXNativeTarget "Spryte" */ = {
			isa = XCConfigurationList;
			buildConfigurations = (
				52D2EF682EEDC1D8003D4E85 /* Debug */,
				52D2EF692EEDC1D8003D4E85 /* Release */,
			);
			defaultConfigurationIsVisible = 0;
			defaultConfigurationName = Release;
		};
/* End XCConfigurationList section */
	};
	rootObject = 52D2EF542EEDC1D5003D4E85 /* Project object */;
}
